
Microsoft Visual Studio Solution File, Format Version 12.00
# Visual Studio Version 17
VisualStudioVersion = 17.6.33829.357
MinimumVisualStudioVersion = 10.0.40219.1
Project("{9A19103F-16F7-4668-BE54-9A1E7A4F7556}") = "NLayerApp.Core", "NLayerApp.Core\NLayerApp.Core.csproj", "{E8A260A7-18DE-4849-9B69-471385B00C58}"
EndProject
Project("{9A19103F-16F7-4668-BE54-9A1E7A4F7556}") = "NLayerApp.Repository", "NLayerApp.Repository\NLayerApp.Repository.csproj", "{3F7DD541-9977-4610-B450-45CCA915FE55}"
EndProject
Project("{9A19103F-16F7-4668-BE54-9A1E7A4F7556}") = "NLayerApp.Service", "NLayerApp.Service\NLayerApp.Service.csproj", "{74592128-264C-4678-87F8-9A6742316F33}"
EndProject
Project("{9A19103F-16F7-4668-BE54-9A1E7A4F7556}") = "NLayerApp.Web", "NLayerApp.Web\NLayerApp.Web.csproj", "{1097EA8B-473F-4431-9D7A-3435F64EDC88}"
EndProject
Project("{9A19103F-16F7-4668-BE54-9A1E7A4F7556}") = "NLayerApp.API", "NLayerApp.API\NLayerApp.API.csproj", "{E285800A-9F98-4F51-9B28-95D97B9C327A}"
EndProject
Global
	GlobalSection(SolutionConfigurationPlatforms) = preSolution
		Debug|Any CPU = Debug|Any CPU
		Release|Any CPU = Release|Any CPU
	EndGlobalSection
	GlobalSection(ProjectConfigurationPlatforms) = postSolution
		{E8A260A7-18DE-4849-9B69-471385B00C58}.Debug|Any CPU.ActiveCfg = Debug|Any CPU
		{E8A260A7-18DE-4849-9B69-471385B00C58}.Debug|Any CPU.Build.0 = Debug|Any CPU
		{E8A260A7-18DE-4849-9B69-471385B00C58}.Release|Any CPU.ActiveCfg = Release|Any CPU
		{E8A260A7-18DE-4849-9B69-471385B00C58}.Release|Any CPU.Build.0 = Release|Any CPU
		{3F7DD541-9977-4610-B450-45CCA915FE55}.Debug|Any CPU.ActiveCfg = Debug|Any CPU
		{3F7DD541-9977-4610-B450-45CCA915FE55}.Debug|Any CPU.Build.0 = Debug|Any CPU
		{3F7DD541-9977-4610-B450-45CCA915FE55}.Release|Any CPU.ActiveCfg = Release|Any CPU
		{3F7DD541-9977-4610-B450-45CCA915FE55}.Release|Any CPU.Build.0 = Release|Any CPU
		{74592128-264C-4678-87F8-9A6742316F33}.Debug|Any CPU.ActiveCfg = Debug|Any CPU
		{74592128-264C-4678-87F8-9A6742316F33}.Debug|Any CPU.Build.0 = Debug|Any CPU
		{74592128-264C-4678-87F8-9A6742316F33}.Release|Any CPU.ActiveCfg = Release|Any CPU
		{74592128-264C-4678-87F8-9A6742316F33}.Release|Any CPU.Build.0 = Release|Any CPU
		{1097EA8B-473F-4431-9D7A-3435F64EDC88}.Debug|Any CPU.ActiveCfg = Debug|Any CPU
		{1097EA8B-473F-4431-9D7A-3435F64EDC88}.Debug|Any CPU.Build.0 = Debug|Any CPU
		{1097EA8B-473F-4431-9D7A-3435F64EDC88}.Release|Any CPU.ActiveCfg = Release|Any CPU
		{1097EA8B-473F-4431-9D7A-3435F64EDC88}.Release|Any CPU.Build.0 = Release|Any CPU
		{E285800A-9F98-4F51-9B28-95D97B9C327A}.Debug|Any CPU.ActiveCfg = Debug|Any CPU
		{E285800A-9F98-4F51-9B28-95D97B9C327A}.Debug|Any CPU.Build.0 = Debug|Any CPU
		{E285800A-9F98-4F51-9B28-95D97B9C327A}.Release|Any CPU.ActiveCfg = Release|Any CPU
		{E285800A-9F98-4F51-9B28-95D97B9C327A}.Release|Any CPU.Build.0 = Release|Any CPU
	EndGlobalSection
	GlobalSection(SolutionProperties) = preSolution
		HideSolutionNode = FALSE
	EndGlobalSection
	GlobalSection(ExtensibilityGlobals) = postSolution
		SolutionGuid = {C22691CF-ACF0-4422-95ED-10A8840C3FAF}
	EndGlobalSection
EndGlobal
